{
  "name": "dev-test-app-kanna-sitemap",
  "version": "1.0.0",
  "lockfileVersion": 3,
  "requires": true,
  "packages": {
    "": {
      "name": "dev-test-app-kanna-sitemap",
      "version": "1.0.0",
      "license": "UNLICENSED",
      "workspaces": [
        "extensions/*"
      ]
    }
  }
}
